
Microsoft Visual Studio Solution File, Format Version 12.00
# Visual Studio Version 17
VisualStudioVersion = 17.7.34031.279
MinimumVisualStudioVersion = 10.0.40219.1
Project("{FAE04EC0-301F-11D3-BF4B-00C04F79EFBC}") = "Practica 3.1 entornos", "Practica 3.1 entornos\Practica 3.1 entornos.csproj", "{090F7828-4E2B-43B9-A775-241B7DFA933D}"
EndProject
Global
	GlobalSection(SolutionConfigurationPlatforms) = preSolution
		Debug|Any CPU = Debug|Any CPU
		Release|Any CPU = Release|Any CPU
	EndGlobalSection
	GlobalSection(ProjectConfigurationPlatforms) = postSolution
		{090F7828-4E2B-43B9-A775-241B7DFA933D}.Debug|Any CPU.ActiveCfg = Debug|Any CPU
		{090F7828-4E2B-43B9-A775-241B7DFA933D}.Debug|Any CPU.Build.0 = Debug|Any CPU
		{090F7828-4E2B-43B9-A775-241B7DFA933D}.Release|Any CPU.ActiveCfg = Release|Any CPU
		{090F7828-4E2B-43B9-A775-241B7DFA933D}.Release|Any CPU.Build.0 = Release|Any CPU
	EndGlobalSection
	GlobalSection(SolutionProperties) = preSolution
		HideSolutionNode = FALSE
	EndGlobalSection
	GlobalSection(ExtensibilityGlobals) = postSolution
		SolutionGuid = {69D46FD2-301C-4255-954C-5481D74D62E9}
	EndGlobalSection
EndGlobal
